
Microsoft Visual Studio Solution File, Format Version 12.00
# Visual Studio Version 16
VisualStudioVersion = 16.0.30804.86
MinimumVisualStudioVersion = 10.0.40219.1
Project("{FAE04EC0-301F-11D3-BF4B-00C04F79EFBC}") = "Ejecicio1", "Ejecicio1\Ejecicio1.csproj", "{B7D7AA3F-4DFB-440B-8FED-6413D882541B}"
EndProject
Global
	GlobalSection(SolutionConfigurationPlatforms) = preSolution
		Debug|Any CPU = Debug|Any CPU
		Release|Any CPU = Release|Any CPU
	EndGlobalSection
	GlobalSection(ProjectConfigurationPlatforms) = postSolution
		{B7D7AA3F-4DFB-440B-8FED-6413D882541B}.Debug|Any CPU.ActiveCfg = Debug|Any CPU
		{B7D7AA3F-4DFB-440B-8FED-6413D882541B}.Debug|Any CPU.Build.0 = Debug|Any CPU
		{B7D7AA3F-4DFB-440B-8FED-6413D882541B}.Release|Any CPU.ActiveCfg = Release|Any CPU
		{B7D7AA3F-4DFB-440B-8FED-6413D882541B}.Release|Any CPU.Build.0 = Release|Any CPU
	EndGlobalSection
	GlobalSection(SolutionProperties) = preSolution
		HideSolutionNode = FALSE
	EndGlobalSection
	GlobalSection(ExtensibilityGlobals) = postSolution
		SolutionGuid = {2051714B-A29B-4069-9E8B-84D24A9F457A}
	EndGlobalSection
EndGlobal
